
Microsoft Visual Studio Solution File, Format Version 12.00
# Visual Studio 15
VisualStudioVersion = 15.0.28010.2046
MinimumVisualStudioVersion = 10.0.40219.1
Project("{FAE04EC0-301F-11D3-BF4B-00C04F79EFBC}") = "BlazorVacation.Server", "BlazorVacation.Server\BlazorVacation.Server.csproj", "{D21E871A-5468-4485-8221-F48FDAB48EC0}"
EndProject
Project("{FAE04EC0-301F-11D3-BF4B-00C04F79EFBC}") = "BlazorVacation.Client", "BlazorVacation.Client\BlazorVacation.Client.csproj", "{2C082DF3-5156-4750-BC48-BE537A077C97}"
EndProject
Project("{FAE04EC0-301F-11D3-BF4B-00C04F79EFBC}") = "BlazorVacation.Shared", "BlazorVacation.Shared\BlazorVacation.Shared.csproj", "{2A06B899-25C7-4587-B211-868F8C922C3B}"
EndProject
Global
	GlobalSection(SolutionConfigurationPlatforms) = preSolution
		Debug|Any CPU = Debug|Any CPU
		Release|Any CPU = Release|Any CPU
	EndGlobalSection
	GlobalSection(ProjectConfigurationPlatforms) = postSolution
		{D21E871A-5468-4485-8221-F48FDAB48EC0}.Debug|Any CPU.ActiveCfg = Debug|Any CPU
		{D21E871A-5468-4485-8221-F48FDAB48EC0}.Debug|Any CPU.Build.0 = Debug|Any CPU
		{D21E871A-5468-4485-8221-F48FDAB48EC0}.Release|Any CPU.ActiveCfg = Release|Any CPU
		{D21E871A-5468-4485-8221-F48FDAB48EC0}.Release|Any CPU.Build.0 = Release|Any CPU
		{2C082DF3-5156-4750-BC48-BE537A077C97}.Debug|Any CPU.ActiveCfg = Debug|Any CPU
		{2C082DF3-5156-4750-BC48-BE537A077C97}.Debug|Any CPU.Build.0 = Debug|Any CPU
		{2C082DF3-5156-4750-BC48-BE537A077C97}.Release|Any CPU.ActiveCfg = Release|Any CPU
		{2C082DF3-5156-4750-BC48-BE537A077C97}.Release|Any CPU.Build.0 = Release|Any CPU
		{2A06B899-25C7-4587-B211-868F8C922C3B}.Debug|Any CPU.ActiveCfg = Debug|Any CPU
		{2A06B899-25C7-4587-B211-868F8C922C3B}.Debug|Any CPU.Build.0 = Debug|Any CPU
		{2A06B899-25C7-4587-B211-868F8C922C3B}.Release|Any CPU.ActiveCfg = Release|Any CPU
		{2A06B899-25C7-4587-B211-868F8C922C3B}.Release|Any CPU.Build.0 = Release|Any CPU
	EndGlobalSection
	GlobalSection(SolutionProperties) = preSolution
		HideSolutionNode = FALSE
	EndGlobalSection
	GlobalSection(ExtensibilityGlobals) = postSolution
		SolutionGuid = {7AEE9B5D-FA9C-40B4-8948-1889429BEEE9}
	EndGlobalSection
EndGlobal
